// !$*UTF8*$!
{
	archiveVersion = 1;
	classes = {
	};
	objectVersion = 77;
	objects = {

/* Begin PBXBuildFile section */
		C50DDBCA2D9DBE0200460522 /* AppDelegate.swift in Sources */ = {isa = PBXBuildFile; fileRef = C50DDBC22D9DBE0200460522 /* AppDelegate.swift */; };
		C50DDBCB2D9DBE0200460522 /* CookBook.xcdatamodeld in Sources */ = {isa = PBXBuildFile; fileRef = C50DDBC42D9DBE0200460522 /* CookBook.xcdatamodeld */; };
		C50DDBCC2D9DBE0200460522 /* SceneDelegate.swift in Sources */ = {isa = PBXBuildFile; fileRef = C50DDBC62D9DBE0200460522 /* SceneDelegate.swift */; };
		C50DDBCE2D9DBE0200460522 /* Assets.xcassets in Resources */ = {isa = PBXBuildFile; fileRef = C50DDBC32D9DBE0200460522 /* Assets.xcassets */; };
		C50DDBD22D9E685F00460522 /* SnapKit in Frameworks */ = {isa = PBXBuildFile; productRef = C50DDBD12D9E685F00460522 /* SnapKit */; };
		C50E8B382DB66FEA0072A2F6 /* Ingredients.txt in Resources */ = {isa = PBXBuildFile; fileRef = C50E8B372DB66FEA0072A2F6 /* Ingredients.txt */; };
		C50E8B7C2DB6B5B30072A2F6 /* CodingUserInfoKey+Extensions.swift in Sources */ = {isa = PBXBuildFile; fileRef = C50E8B7B2DB6B5B30072A2F6 /* CodingUserInfoKey+Extensions.swift */; };
		C533B8E22D9EBA2B00B7897E /* NSDirectionalEdgeInsets+Extensions.swift in Sources */ = {isa = PBXBuildFile; fileRef = C533B8E12D9EBA2B00B7897E /* NSDirectionalEdgeInsets+Extensions.swift */; };
/* End PBXBuildFile section */

/* Begin PBXContainerItemProxy section */
		C52635542D92DC900026B907 /* PBXContainerItemProxy */ = {
			isa = PBXContainerItemProxy;
			containerPortal = C52635322D92DC8C0026B907 /* Project object */;
			proxyType = 1;
			remoteGlobalIDString = C52635392D92DC8C0026B907;
			remoteInfo = CookBook;
		};
		C526355E2D92DC900026B907 /* PBXContainerItemProxy */ = {
			isa = PBXContainerItemProxy;
			containerPortal = C52635322D92DC8C0026B907 /* Project object */;
			proxyType = 1;
			remoteGlobalIDString = C52635392D92DC8C0026B907;
			remoteInfo = CookBook;
		};
/* End PBXContainerItemProxy section */

/* Begin PBXFileReference section */
		C50DDBC22D9DBE0200460522 /* AppDelegate.swift */ = {isa = PBXFileReference; lastKnownFileType = sourcecode.swift; path = AppDelegate.swift; sourceTree = "<group>"; };
		C50DDBC32D9DBE0200460522 /* Assets.xcassets */ = {isa = PBXFileReference; lastKnownFileType = folder.assetcatalog; path = Assets.xcassets; sourceTree = "<group>"; };
		C50DDBC52D9DBE0200460522 /* Info.plist */ = {isa = PBXFileReference; lastKnownFileType = text.plist.xml; path = Info.plist; sourceTree = "<group>"; };
		C50DDBC62D9DBE0200460522 /* SceneDelegate.swift */ = {isa = PBXFileReference; lastKnownFileType = sourcecode.swift; path = SceneDelegate.swift; sourceTree = "<group>"; };
		C50DDBC92D9DBE0200460522 /* CookBook.xcdatamodel */ = {isa = PBXFileReference; lastKnownFileType = wrapper.xcdatamodel; path = CookBook.xcdatamodel; sourceTree = "<group>"; };
		C50E8B372DB66FEA0072A2F6 /* Ingredients.txt */ = {isa = PBXFileReference; lastKnownFileType = text; path = Ingredients.txt; sourceTree = "<group>"; };
		C50E8B7B2DB6B5B30072A2F6 /* CodingUserInfoKey+Extensions.swift */ = {isa = PBXFileReference; lastKnownFileType = sourcecode.swift; path = "CodingUserInfoKey+Extensions.swift"; sourceTree = "<group>"; };
		C526353A2D92DC8C0026B907 /* CookBook.app */ = {isa = PBXFileReference; explicitFileType = wrapper.application; includeInIndex = 0; path = CookBook.app; sourceTree = BUILT_PRODUCTS_DIR; };
		C52635532D92DC900026B907 /* CookBookTests.xctest */ = {isa = PBXFileReference; explicitFileType = wrapper.cfbundle; includeInIndex = 0; path = CookBookTests.xctest; sourceTree = BUILT_PRODUCTS_DIR; };
		C526355D2D92DC900026B907 /* CookBookUITests.xctest */ = {isa = PBXFileReference; explicitFileType = wrapper.cfbundle; includeInIndex = 0; path = CookBookUITests.xctest; sourceTree = BUILT_PRODUCTS_DIR; };
		C533B8E12D9EBA2B00B7897E /* NSDirectionalEdgeInsets+Extensions.swift */ = {isa = PBXFileReference; lastKnownFileType = sourcecode.swift; path = "NSDirectionalEdgeInsets+Extensions.swift"; sourceTree = "<group>"; };
/* End PBXFileReference section */

/* Begin PBXFileSystemSynchronizedBuildFileExceptionSet section */
		C50E8B722DB6B0750072A2F6 /* Exceptions for "Entities" folder in "CookBookTests" target */ = {
			isa = PBXFileSystemSynchronizedBuildFileExceptionSet;
			membershipExceptions = (
				"Ingredient/Ingredient+CoreDataClass.swift",
				"Ingredient/Ingredient+CoreDataProperties.swift",
				"Quantity/Quantity+CoreDataClass.swift",
				"Quantity/Quantity+CoreDataProperties.swift",
			);
			target = C52635522D92DC900026B907 /* CookBookTests */;
		};
/* End PBXFileSystemSynchronizedBuildFileExceptionSet section */

/* Begin PBXFileSystemSynchronizedRootGroup section */
		C50E8B262DB641380072A2F6 /* Entities */ = {
			isa = PBXFileSystemSynchronizedRootGroup;
			exceptions = (
				C50E8B722DB6B0750072A2F6 /* Exceptions for "Entities" folder in "CookBookTests" target */,
			);
			path = Entities;
			sourceTree = "<group>";
		};
		C52635562D92DC900026B907 /* CookBookTests */ = {
			isa = PBXFileSystemSynchronizedRootGroup;
			path = CookBookTests;
			sourceTree = "<group>";
		};
		C52635602D92DC900026B907 /* CookBookUITests */ = {
			isa = PBXFileSystemSynchronizedRootGroup;
			path = CookBookUITests;
			sourceTree = "<group>";
		};
		C533B8E82D9EBCE700B7897E /* Views */ = {
			isa = PBXFileSystemSynchronizedRootGroup;
			path = Views;
			sourceTree = "<group>";
		};
		C533B8EB2D9EBE1700B7897E /* Modules */ = {
			isa = PBXFileSystemSynchronizedRootGroup;
			path = Modules;
			sourceTree = "<group>";
		};
/* End PBXFileSystemSynchronizedRootGroup section */

/* Begin PBXFrameworksBuildPhase section */
		C52635372D92DC8C0026B907 /* Frameworks */ = {
			isa = PBXFrameworksBuildPhase;
			buildActionMask = 2147483647;
			files = (
				C50DDBD22D9E685F00460522 /* SnapKit in Frameworks */,
			);
			runOnlyForDeploymentPostprocessing = 0;
		};
		C52635502D92DC900026B907 /* Frameworks */ = {
			isa = PBXFrameworksBuildPhase;
			buildActionMask = 2147483647;
			files = (
			);
			runOnlyForDeploymentPostprocessing = 0;
		};
		C526355A2D92DC900026B907 /* Frameworks */ = {
			isa = PBXFrameworksBuildPhase;
			buildActionMask = 2147483647;
			files = (
			);
			runOnlyForDeploymentPostprocessing = 0;
		};
/* End PBXFrameworksBuildPhase section */

/* Begin PBXGroup section */
		C50DDBC82D9DBE0200460522 /* CookBook */ = {
			isa = PBXGroup;
			children = (
				C50E8B362DB66FD30072A2F6 /* Resources */,
				C50E8B262DB641380072A2F6 /* Entities */,
				C533B8EB2D9EBE1700B7897E /* Modules */,
				C533B8E02D9EBA0700B7897E /* Extensions */,
				C50DDBC22D9DBE0200460522 /* AppDelegate.swift */,
				C50DDBC62D9DBE0200460522 /* SceneDelegate.swift */,
				C50DDBC52D9DBE0200460522 /* Info.plist */,
				C533B8E82D9EBCE700B7897E /* Views */,
			);
			path = CookBook;
			sourceTree = "<group>";
		};
		C50E8B362DB66FD30072A2F6 /* Resources */ = {
			isa = PBXGroup;
			children = (
				C50DDBC32D9DBE0200460522 /* Assets.xcassets */,
				C50DDBC42D9DBE0200460522 /* CookBook.xcdatamodeld */,
				C50E8B372DB66FEA0072A2F6 /* Ingredients.txt */,
			);
			path = Resources;
			sourceTree = "<group>";
		};
		C52635312D92DC8C0026B907 = {
			isa = PBXGroup;
			children = (
				C50DDBC82D9DBE0200460522 /* CookBook */,
				C52635562D92DC900026B907 /* CookBookTests */,
				C52635602D92DC900026B907 /* CookBookUITests */,
				C526353B2D92DC8C0026B907 /* Products */,
			);
			sourceTree = "<group>";
		};
		C526353B2D92DC8C0026B907 /* Products */ = {
			isa = PBXGroup;
			children = (
				C526353A2D92DC8C0026B907 /* CookBook.app */,
				C52635532D92DC900026B907 /* CookBookTests.xctest */,
				C526355D2D92DC900026B907 /* CookBookUITests.xctest */,
			);
			name = Products;
			sourceTree = "<group>";
		};
		C533B8E02D9EBA0700B7897E /* Extensions */ = {
			isa = PBXGroup;
			children = (
				C533B8E12D9EBA2B00B7897E /* NSDirectionalEdgeInsets+Extensions.swift */,
				C50E8B7B2DB6B5B30072A2F6 /* CodingUserInfoKey+Extensions.swift */,
			);
			path = Extensions;
			sourceTree = "<group>";
		};
/* End PBXGroup section */

/* Begin PBXNativeTarget section */
		C52635392D92DC8C0026B907 /* CookBook */ = {
			isa = PBXNativeTarget;
			buildConfigurationList = C52635662D92DC900026B907 /* Build configuration list for PBXNativeTarget "CookBook" */;
			buildPhases = (
				C52635362D92DC8C0026B907 /* Sources */,
				C52635372D92DC8C0026B907 /* Frameworks */,
				C52635382D92DC8C0026B907 /* Resources */,
			);
			buildRules = (
			);
			dependencies = (
			);
			fileSystemSynchronizedGroups = (
				C50E8B262DB641380072A2F6 /* Entities */,
				C533B8E82D9EBCE700B7897E /* Views */,
				C533B8EB2D9EBE1700B7897E /* Modules */,
			);
			name = CookBook;
			packageProductDependencies = (
				C50DDBD12D9E685F00460522 /* SnapKit */,
			);
			productName = CookBook;
			productReference = C526353A2D92DC8C0026B907 /* CookBook.app */;
			productType = "com.apple.product-type.application";
		};
		C52635522D92DC900026B907 /* CookBookTests */ = {
			isa = PBXNativeTarget;
			buildConfigurationList = C526356B2D92DC900026B907 /* Build configuration list for PBXNativeTarget "CookBookTests" */;
			buildPhases = (
				C526354F2D92DC900026B907 /* Sources */,
				C52635502D92DC900026B907 /* Frameworks */,
				C52635512D92DC900026B907 /* Resources */,
			);
			buildRules = (
			);
			dependencies = (
				C52635552D92DC900026B907 /* PBXTargetDependency */,
			);
			fileSystemSynchronizedGroups = (
				C52635562D92DC900026B907 /* CookBookTests */,
			);
			name = CookBookTests;
			packageProductDependencies = (
			);
			productName = CookBookTests;
			productReference = C52635532D92DC900026B907 /* CookBookTests.xctest */;
			productType = "com.apple.product-type.bundle.unit-test";
		};
		C526355C2D92DC900026B907 /* CookBookUITests */ = {
			isa = PBXNativeTarget;
			buildConfigurationList = C526356E2D92DC900026B907 /* Build configuration list for PBXNativeTarget "CookBookUITests" */;
			buildPhases = (
				C52635592D92DC900026B907 /* Sources */,
				C526355A2D92DC900026B907 /* Frameworks */,
				C526355B2D92DC900026B907 /* Resources */,
			);
			buildRules = (
			);
			dependencies = (
				C526355F2D92DC900026B907 /* PBXTargetDependency */,
			);
			fileSystemSynchronizedGroups = (
				C52635602D92DC900026B907 /* CookBookUITests */,
			);
			name = CookBookUITests;
			packageProductDependencies = (
			);
			productName = CookBookUITests;
			productReference = C526355D2D92DC900026B907 /* CookBookUITests.xctest */;
			productType = "com.apple.product-type.bundle.ui-testing";
		};
/* End PBXNativeTarget section */

/* Begin PBXProject section */
		C52635322D92DC8C0026B907 /* Project object */ = {
			isa = PBXProject;
			attributes = {
				BuildIndependentTargetsInParallel = 1;
				LastSwiftUpdateCheck = 1620;
				LastUpgradeCheck = 1620;
				TargetAttributes = {
					C52635392D92DC8C0026B907 = {
						CreatedOnToolsVersion = 16.2;
					};
					C52635522D92DC900026B907 = {
						CreatedOnToolsVersion = 16.2;
						TestTargetID = C52635392D92DC8C0026B907;
					};
					C526355C2D92DC900026B907 = {
						CreatedOnToolsVersion = 16.2;
						TestTargetID = C52635392D92DC8C0026B907;
					};
				};
			};
			buildConfigurationList = C52635352D92DC8C0026B907 /* Build configuration list for PBXProject "CookBook" */;
			developmentRegion = en;
			hasScannedForEncodings = 0;
			knownRegions = (
				en,
			);
			mainGroup = C52635312D92DC8C0026B907;
			minimizedProjectReferenceProxies = 1;
			packageReferences = (
				C50DDBD02D9E685F00460522 /* XCRemoteSwiftPackageReference "SnapKit" */,
			);
			preferredProjectObjectVersion = 77;
			productRefGroup = C526353B2D92DC8C0026B907 /* Products */;
			projectDirPath = "";
			projectRoot = "";
			targets = (
				C52635392D92DC8C0026B907 /* CookBook */,
				C52635522D92DC900026B907 /* CookBookTests */,
				C526355C2D92DC900026B907 /* CookBookUITests */,
			);
		};
/* End PBXProject section */

/* Begin PBXResourcesBuildPhase section */
		C52635382D92DC8C0026B907 /* Resources */ = {
			isa = PBXResourcesBuildPhase;
			buildActionMask = 2147483647;
			files = (
				C50DDBCE2D9DBE0200460522 /* Assets.xcassets in Resources */,
				C50E8B382DB66FEA0072A2F6 /* Ingredients.txt in Resources */,
			);
			runOnlyForDeploymentPostprocessing = 0;
		};
		C52635512D92DC900026B907 /* Resources */ = {
			isa = PBXResourcesBuildPhase;
			buildActionMask = 2147483647;
			files = (
			);
			runOnlyForDeploymentPostprocessing = 0;
		};
		C526355B2D92DC900026B907 /* Resources */ = {
			isa = PBXResourcesBuildPhase;
			buildActionMask = 2147483647;
			files = (
			);
			runOnlyForDeploymentPostprocessing = 0;
		};
/* End PBXResourcesBuildPhase section */

/* Begin PBXSourcesBuildPhase section */
		C52635362D92DC8C0026B907 /* Sources */ = {
			isa = PBXSourcesBuildPhase;
			buildActionMask = 2147483647;
			files = (
				C50E8B7C2DB6B5B30072A2F6 /* CodingUserInfoKey+Extensions.swift in Sources */,
				C533B8E22D9EBA2B00B7897E /* NSDirectionalEdgeInsets+Extensions.swift in Sources */,
				C50DDBCA2D9DBE0200460522 /* AppDelegate.swift in Sources */,
				C50DDBCB2D9DBE0200460522 /* CookBook.xcdatamodeld in Sources */,
				C50DDBCC2D9DBE0200460522 /* SceneDelegate.swift in Sources */,
			);
			runOnlyForDeploymentPostprocessing = 0;
		};
		C526354F2D92DC900026B907 /* Sources */ = {
			isa = PBXSourcesBuildPhase;
			buildActionMask = 2147483647;
			files = (
			);
			runOnlyForDeploymentPostprocessing = 0;
		};
		C52635592D92DC900026B907 /* Sources */ = {
			isa = PBXSourcesBuildPhase;
			buildActionMask = 2147483647;
			files = (
			);
			runOnlyForDeploymentPostprocessing = 0;
		};
/* End PBXSourcesBuildPhase section */

/* Begin PBXTargetDependency section */
		C52635552D92DC900026B907 /* PBXTargetDependency */ = {
			isa = PBXTargetDependency;
			target = C52635392D92DC8C0026B907 /* CookBook */;
			targetProxy = C52635542D92DC900026B907 /* PBXContainerItemProxy */;
		};
		C526355F2D92DC900026B907 /* PBXTargetDependency */ = {
			isa = PBXTargetDependency;
			target = C52635392D92DC8C0026B907 /* CookBook */;
			targetProxy = C526355E2D92DC900026B907 /* PBXContainerItemProxy */;
		};
/* End PBXTargetDependency section */

/* Begin XCBuildConfiguration section */
		C52635672D92DC900026B907 /* Debug */ = {
			isa = XCBuildConfiguration;
			buildSettings = {
				ASSETCATALOG_COMPILER_APPICON_NAME = AppIcon;
				ASSETCATALOG_COMPILER_GLOBAL_ACCENT_COLOR_NAME = AccentColor;
				CODE_SIGN_STYLE = Automatic;
				CURRENT_PROJECT_VERSION = 1;
				DEVELOPMENT_TEAM = 7F5MV2U5PR;
				GENERATE_INFOPLIST_FILE = YES;
				INFOPLIST_FILE = CookBook/Info.plist;
				INFOPLIST_KEY_UIApplicationSupportsIndirectInputEvents = YES;
				INFOPLIST_KEY_UILaunchStoryboardName = "";
				INFOPLIST_KEY_UISupportedInterfaceOrientations_iPad = "UIInterfaceOrientationPortrait UIInterfaceOrientationPortraitUpsideDown UIInterfaceOrientationLandscapeLeft UIInterfaceOrientationLandscapeRight";
				INFOPLIST_KEY_UISupportedInterfaceOrientations_iPhone = "UIInterfaceOrientationPortrait UIInterfaceOrientationLandscapeLeft UIInterfaceOrientationLandscapeRight";
				IPHONEOS_DEPLOYMENT_TARGET = 18.0;
				LD_RUNPATH_SEARCH_PATHS = (
					"$(inherited)",
					"@executable_path/Frameworks",
				);
				MARKETING_VERSION = 1.0;
				PRODUCT_BUNDLE_IDENTIFIER = com.faifer.CookBook;
				PRODUCT_NAME = "$(TARGET_NAME)";
				SUPPORTED_PLATFORMS = "iphoneos iphonesimulator";
				SUPPORTS_MACCATALYST = NO;
				SUPPORTS_MAC_DESIGNED_FOR_IPHONE_IPAD = NO;
				SUPPORTS_XR_DESIGNED_FOR_IPHONE_IPAD = NO;
				SWIFT_EMIT_LOC_STRINGS = YES;
				SWIFT_VERSION = 6.0;
				TARGETED_DEVICE_FAMILY = 1;
			};
			name = Debug;
		};
		C52635682D92DC900026B907 /* Release */ = {
			isa = XCBuildConfiguration;
			buildSettings = {
				ASSETCATALOG_COMPILER_APPICON_NAME = AppIcon;
				ASSETCATALOG_COMPILER_GLOBAL_ACCENT_COLOR_NAME = AccentColor;
				CODE_SIGN_STYLE = Automatic;
				CURRENT_PROJECT_VERSION = 1;
				DEVELOPMENT_TEAM = 7F5MV2U5PR;
				GENERATE_INFOPLIST_FILE = YES;
				INFOPLIST_FILE = CookBook/Info.plist;
				INFOPLIST_KEY_UIApplicationSupportsIndirectInputEvents = YES;
				INFOPLIST_KEY_UILaunchStoryboardName = "";
				INFOPLIST_KEY_UISupportedInterfaceOrientations_iPad = "UIInterfaceOrientationPortrait UIInterfaceOrientationPortraitUpsideDown UIInterfaceOrientationLandscapeLeft UIInterfaceOrientationLandscapeRight";
				INFOPLIST_KEY_UISupportedInterfaceOrientations_iPhone = "UIInterfaceOrientationPortrait UIInterfaceOrientationLandscapeLeft UIInterfaceOrientationLandscapeRight";
				IPHONEOS_DEPLOYMENT_TARGET = 18.0;
				LD_RUNPATH_SEARCH_PATHS = (
					"$(inherited)",
					"@executable_path/Frameworks",
				);
				MARKETING_VERSION = 1.0;
				PRODUCT_BUNDLE_IDENTIFIER = com.faifer.CookBook;
				PRODUCT_NAME = "$(TARGET_NAME)";
				SUPPORTED_PLATFORMS = "iphoneos iphonesimulator";
				SUPPORTS_MACCATALYST = NO;
				SUPPORTS_MAC_DESIGNED_FOR_IPHONE_IPAD = NO;
				SUPPORTS_XR_DESIGNED_FOR_IPHONE_IPAD = NO;
				SWIFT_EMIT_LOC_STRINGS = YES;
				SWIFT_VERSION = 6.0;
				TARGETED_DEVICE_FAMILY = 1;
			};
			name = Release;
		};
		C52635692D92DC900026B907 /* Debug */ = {
			isa = XCBuildConfiguration;
			buildSettings = {
				ALWAYS_SEARCH_USER_PATHS = NO;
				ASSETCATALOG_COMPILER_GENERATE_SWIFT_ASSET_SYMBOL_EXTENSIONS = YES;
				CLANG_ANALYZER_NONNULL = YES;
				CLANG_ANALYZER_NUMBER_OBJECT_CONVERSION = YES_AGGRESSIVE;
				CLANG_CXX_LANGUAGE_STANDARD = "gnu++20";
				CLANG_ENABLE_MODULES = YES;
				CLANG_ENABLE_OBJC_ARC = YES;
				CLANG_ENABLE_OBJC_WEAK = YES;
				CLANG_WARN_BLOCK_CAPTURE_AUTORELEASING = YES;
				CLANG_WARN_BOOL_CONVERSION = YES;
				CLANG_WARN_COMMA = YES;
				CLANG_WARN_CONSTANT_CONVERSION = YES;
				CLANG_WARN_DEPRECATED_OBJC_IMPLEMENTATIONS = YES;
				CLANG_WARN_DIRECT_OBJC_ISA_USAGE = YES_ERROR;
				CLANG_WARN_DOCUMENTATION_COMMENTS = YES;
				CLANG_WARN_EMPTY_BODY = YES;
				CLANG_WARN_ENUM_CONVERSION = YES;
				CLANG_WARN_INFINITE_RECURSION = YES;
				CLANG_WARN_INT_CONVERSION = YES;
				CLANG_WARN_NON_LITERAL_NULL_CONVERSION = YES;
				CLANG_WARN_OBJC_IMPLICIT_RETAIN_SELF = YES;
				CLANG_WARN_OBJC_LITERAL_CONVERSION = YES;
				CLANG_WARN_OBJC_ROOT_CLASS = YES_ERROR;
				CLANG_WARN_QUOTED_INCLUDE_IN_FRAMEWORK_HEADER = YES;
				CLANG_WARN_RANGE_LOOP_ANALYSIS = YES;
				CLANG_WARN_STRICT_PROTOTYPES = YES;
				CLANG_WARN_SUSPICIOUS_MOVE = YES;
				CLANG_WARN_UNGUARDED_AVAILABILITY = YES_AGGRESSIVE;
				CLANG_WARN_UNREACHABLE_CODE = YES;
				CLANG_WARN__DUPLICATE_METHOD_MATCH = YES;
				COPY_PHASE_STRIP = NO;
				DEBUG_INFORMATION_FORMAT = dwarf;
				ENABLE_STRICT_OBJC_MSGSEND = YES;
				ENABLE_TESTABILITY = YES;
				ENABLE_USER_SCRIPT_SANDBOXING = YES;
				GCC_C_LANGUAGE_STANDARD = gnu17;
				GCC_DYNAMIC_NO_PIC = NO;
				GCC_NO_COMMON_BLOCKS = YES;
				GCC_OPTIMIZATION_LEVEL = 0;
				GCC_PREPROCESSOR_DEFINITIONS = (
					"DEBUG=1",
					"$(inherited)",
				);
				GCC_WARN_64_TO_32_BIT_CONVERSION = YES;
				GCC_WARN_ABOUT_RETURN_TYPE = YES_ERROR;
				GCC_WARN_UNDECLARED_SELECTOR = YES;
				GCC_WARN_UNINITIALIZED_AUTOS = YES_AGGRESSIVE;
				GCC_WARN_UNUSED_FUNCTION = YES;
				GCC_WARN_UNUSED_VARIABLE = YES;
				IPHONEOS_DEPLOYMENT_TARGET = 18.2;
				LOCALIZATION_PREFERS_STRING_CATALOGS = YES;
				MTL_ENABLE_DEBUG_INFO = INCLUDE_SOURCE;
				MTL_FAST_MATH = YES;
				ONLY_ACTIVE_ARCH = YES;
				SDKROOT = iphoneos;
				SWIFT_ACTIVE_COMPILATION_CONDITIONS = "DEBUG $(inherited)";
				SWIFT_OPTIMIZATION_LEVEL = "-Onone";
				SWIFT_VERSION = 6.0;
			};
			name = Debug;
		};
		C526356A2D92DC900026B907 /* Release */ = {
			isa = XCBuildConfiguration;
			buildSettings = {
				ALWAYS_SEARCH_USER_PATHS = NO;
				ASSETCATALOG_COMPILER_GENERATE_SWIFT_ASSET_SYMBOL_EXTENSIONS = YES;
				CLANG_ANALYZER_NONNULL = YES;
				CLANG_ANALYZER_NUMBER_OBJECT_CONVERSION = YES_AGGRESSIVE;
				CLANG_CXX_LANGUAGE_STANDARD = "gnu++20";
				CLANG_ENABLE_MODULES = YES;
				CLANG_ENABLE_OBJC_ARC = YES;
				CLANG_ENABLE_OBJC_WEAK = YES;
				CLANG_WARN_BLOCK_CAPTURE_AUTORELEASING = YES;
				CLANG_WARN_BOOL_CONVERSION = YES;
				CLANG_WARN_COMMA = YES;
				CLANG_WARN_CONSTANT_CONVERSION = YES;
				CLANG_WARN_DEPRECATED_OBJC_IMPLEMENTATIONS = YES;
				CLANG_WARN_DIRECT_OBJC_ISA_USAGE = YES_ERROR;
				CLANG_WARN_DOCUMENTATION_COMMENTS = YES;
				CLANG_WARN_EMPTY_BODY = YES;
				CLANG_WARN_ENUM_CONVERSION = YES;
				CLANG_WARN_INFINITE_RECURSION = YES;
				CLANG_WARN_INT_CONVERSION = YES;
				CLANG_WARN_NON_LITERAL_NULL_CONVERSION = YES;
				CLANG_WARN_OBJC_IMPLICIT_RETAIN_SELF = YES;
				CLANG_WARN_OBJC_LITERAL_CONVERSION = YES;
				CLANG_WARN_OBJC_ROOT_CLASS = YES_ERROR;
				CLANG_WARN_QUOTED_INCLUDE_IN_FRAMEWORK_HEADER = YES;
				CLANG_WARN_RANGE_LOOP_ANALYSIS = YES;
				CLANG_WARN_STRICT_PROTOTYPES = YES;
				CLANG_WARN_SUSPICIOUS_MOVE = YES;
				CLANG_WARN_UNGUARDED_AVAILABILITY = YES_AGGRESSIVE;
				CLANG_WARN_UNREACHABLE_CODE = YES;
				CLANG_WARN__DUPLICATE_METHOD_MATCH = YES;
				COPY_PHASE_STRIP = NO;
				DEBUG_INFORMATION_FORMAT = "dwarf-with-dsym";
				ENABLE_NS_ASSERTIONS = NO;
				ENABLE_STRICT_OBJC_MSGSEND = YES;
				ENABLE_USER_SCRIPT_SANDBOXING = YES;
				GCC_C_LANGUAGE_STANDARD = gnu17;
				GCC_NO_COMMON_BLOCKS = YES;
				GCC_WARN_64_TO_32_BIT_CONVERSION = YES;
				GCC_WARN_ABOUT_RETURN_TYPE = YES_ERROR;
				GCC_WARN_UNDECLARED_SELECTOR = YES;
				GCC_WARN_UNINITIALIZED_AUTOS = YES_AGGRESSIVE;
				GCC_WARN_UNUSED_FUNCTION = YES;
				GCC_WARN_UNUSED_VARIABLE = YES;
				IPHONEOS_DEPLOYMENT_TARGET = 18.2;
				LOCALIZATION_PREFERS_STRING_CATALOGS = YES;
				MTL_ENABLE_DEBUG_INFO = NO;
				MTL_FAST_MATH = YES;
				SDKROOT = iphoneos;
				SWIFT_COMPILATION_MODE = wholemodule;
				SWIFT_VERSION = 6.0;
				VALIDATE_PRODUCT = YES;
			};
			name = Release;
		};
		C526356C2D92DC900026B907 /* Debug */ = {
			isa = XCBuildConfiguration;
			buildSettings = {
				BUNDLE_LOADER = "$(TEST_HOST)";
				CODE_SIGN_STYLE = Automatic;
				CURRENT_PROJECT_VERSION = 1;
				DEVELOPMENT_TEAM = 7F5MV2U5PR;
				GENERATE_INFOPLIST_FILE = YES;
				IPHONEOS_DEPLOYMENT_TARGET = 18.0;
				MARKETING_VERSION = 1.0;
				PRODUCT_BUNDLE_IDENTIFIER = com.faifer.CookBookTests;
				PRODUCT_NAME = "$(TARGET_NAME)";
				SUPPORTED_PLATFORMS = "iphoneos iphonesimulator";
				SUPPORTS_MACCATALYST = NO;
				SUPPORTS_MAC_DESIGNED_FOR_IPHONE_IPAD = NO;
				SUPPORTS_XR_DESIGNED_FOR_IPHONE_IPAD = NO;
				SWIFT_EMIT_LOC_STRINGS = NO;
				SWIFT_VERSION = 6.0;
				TARGETED_DEVICE_FAMILY = 1;
				TEST_HOST = "$(BUILT_PRODUCTS_DIR)/CookBook.app/$(BUNDLE_EXECUTABLE_FOLDER_PATH)/CookBook";
			};
			name = Debug;
		};
		C526356D2D92DC900026B907 /* Release */ = {
			isa = XCBuildConfiguration;
			buildSettings = {
				BUNDLE_LOADER = "$(TEST_HOST)";
				CODE_SIGN_STYLE = Automatic;
				CURRENT_PROJECT_VERSION = 1;
				DEVELOPMENT_TEAM = 7F5MV2U5PR;
				GENERATE_INFOPLIST_FILE = YES;
				IPHONEOS_DEPLOYMENT_TARGET = 18.0;
				MARKETING_VERSION = 1.0;
				PRODUCT_BUNDLE_IDENTIFIER = com.faifer.CookBookTests;
				PRODUCT_NAME = "$(TARGET_NAME)";
				SUPPORTED_PLATFORMS = "iphoneos iphonesimulator";
				SUPPORTS_MACCATALYST = NO;
				SUPPORTS_MAC_DESIGNED_FOR_IPHONE_IPAD = NO;
				SUPPORTS_XR_DESIGNED_FOR_IPHONE_IPAD = NO;
				SWIFT_EMIT_LOC_STRINGS = NO;
				SWIFT_VERSION = 6.0;
				TARGETED_DEVICE_FAMILY = 1;
				TEST_HOST = "$(BUILT_PRODUCTS_DIR)/CookBook.app/$(BUNDLE_EXECUTABLE_FOLDER_PATH)/CookBook";
			};
			name = Release;
		};
		C526356F2D92DC900026B907 /* Debug */ = {
			isa = XCBuildConfiguration;
			buildSettings = {
				CODE_SIGN_STYLE = Automatic;
				CURRENT_PROJECT_VERSION = 1;
				DEVELOPMENT_TEAM = 7F5MV2U5PR;
				GENERATE_INFOPLIST_FILE = YES;
				IPHONEOS_DEPLOYMENT_TARGET = 18.0;
				MARKETING_VERSION = 1.0;
				PRODUCT_BUNDLE_IDENTIFIER = com.faifer.CookBookUITests;
				PRODUCT_NAME = "$(TARGET_NAME)";
				SUPPORTED_PLATFORMS = "iphoneos iphonesimulator";
				SUPPORTS_MACCATALYST = NO;
				SUPPORTS_MAC_DESIGNED_FOR_IPHONE_IPAD = NO;
				SUPPORTS_XR_DESIGNED_FOR_IPHONE_IPAD = NO;
				SWIFT_EMIT_LOC_STRINGS = NO;
				SWIFT_VERSION = 6.0;
				TARGETED_DEVICE_FAMILY = 1;
				TEST_TARGET_NAME = CookBook;
			};
			name = Debug;
		};
		C52635702D92DC900026B907 /* Release */ = {
			isa = XCBuildConfiguration;
			buildSettings = {
				CODE_SIGN_STYLE = Automatic;
				CURRENT_PROJECT_VERSION = 1;
				DEVELOPMENT_TEAM = 7F5MV2U5PR;
				GENERATE_INFOPLIST_FILE = YES;
				IPHONEOS_DEPLOYMENT_TARGET = 18.0;
				MARKETING_VERSION = 1.0;
				PRODUCT_BUNDLE_IDENTIFIER = com.faifer.CookBookUITests;
				PRODUCT_NAME = "$(TARGET_NAME)";
				SUPPORTED_PLATFORMS = "iphoneos iphonesimulator";
				SUPPORTS_MACCATALYST = NO;
				SUPPORTS_MAC_DESIGNED_FOR_IPHONE_IPAD = NO;
				SUPPORTS_XR_DESIGNED_FOR_IPHONE_IPAD = NO;
				SWIFT_EMIT_LOC_STRINGS = NO;
				SWIFT_VERSION = 6.0;
				TARGETED_DEVICE_FAMILY = 1;
				TEST_TARGET_NAME = CookBook;
			};
			name = Release;
		};
/* End XCBuildConfiguration section */

/* Begin XCConfigurationList section */
		C52635352D92DC8C0026B907 /* Build configuration list for PBXProject "CookBook" */ = {
			isa = XCConfigurationList;
			buildConfigurations = (
				C52635692D92DC900026B907 /* Debug */,
				C526356A2D92DC900026B907 /* Release */,
			);
			defaultConfigurationIsVisible = 0;
			defaultConfigurationName = Release;
		};
		C52635662D92DC900026B907 /* Build configuration list for PBXNativeTarget "CookBook" */ = {
			isa = XCConfigurationList;
			buildConfigurations = (
				C52635672D92DC900026B907 /* Debug */,
				C52635682D92DC900026B907 /* Release */,
			);
			defaultConfigurationIsVisible = 0;
			defaultConfigurationName = Release;
		};
		C526356B2D92DC900026B907 /* Build configuration list for PBXNativeTarget "CookBookTests" */ = {
			isa = XCConfigurationList;
			buildConfigurations = (
				C526356C2D92DC900026B907 /* Debug */,
				C526356D2D92DC900026B907 /* Release */,
			);
			defaultConfigurationIsVisible = 0;
			defaultConfigurationName = Release;
		};
		C526356E2D92DC900026B907 /* Build configuration list for PBXNativeTarget "CookBookUITests" */ = {
			isa = XCConfigurationList;
			buildConfigurations = (
				C526356F2D92DC900026B907 /* Debug */,
				C52635702D92DC900026B907 /* Release */,
			);
			defaultConfigurationIsVisible = 0;
			defaultConfigurationName = Release;
		};
/* End XCConfigurationList section */

/* Begin XCRemoteSwiftPackageReference section */
		C50DDBD02D9E685F00460522 /* XCRemoteSwiftPackageReference "SnapKit" */ = {
			isa = XCRemoteSwiftPackageReference;
			repositoryURL = "https://github.com/SnapKit/SnapKit";
			requirement = {
				kind = upToNextMajorVersion;
				minimumVersion = 5.7.1;
			};
		};
/* End XCRemoteSwiftPackageReference section */

/* Begin XCSwiftPackageProductDependency section */
		C50DDBD12D9E685F00460522 /* SnapKit */ = {
			isa = XCSwiftPackageProductDependency;
			package = C50DDBD02D9E685F00460522 /* XCRemoteSwiftPackageReference "SnapKit" */;
			productName = SnapKit;
		};
/* End XCSwiftPackageProductDependency section */

/* Begin XCVersionGroup section */
		C50DDBC42D9DBE0200460522 /* CookBook.xcdatamodeld */ = {
			isa = XCVersionGroup;
			children = (
				C50DDBC92D9DBE0200460522 /* CookBook.xcdatamodel */,
			);
			currentVersion = C50DDBC92D9DBE0200460522 /* CookBook.xcdatamodel */;
			path = CookBook.xcdatamodeld;
			sourceTree = "<group>";
			versionGroupType = wrapper.xcdatamodel;
		};
/* End XCVersionGroup section */
	};
	rootObject = C52635322D92DC8C0026B907 /* Project object */;
}
